{
  "name": "opencli-plugin-jimeng-agent",
  "version": "0.1.44",
  "lockfileVersion": 3,
  "requires": true,
  "packages": {
    "": {
      "name": "opencli-plugin-jimeng-agent",
      "version": "0.1.44",
      "peerDependencies": {
        "@jackwener/opencli": ">=1.8.7"
      }
    },
    "node_modules/@colors/colors": {
      "version": "1.5.0",
      "license": "MIT",
      "optional": true,
      "peer": true,
      "engines": {
        "node": ">=0.1.90"
      }
    },
    "node_modules/@jackwener/opencli": {
      "version": "1.8.7",
      "resolved": "https://registry.npmmirror.com/@jackwener/opencli/-/opencli-1.8.7.tgz",
      "integrity": "sha512-2M+oPc70R1jNGzKzNrsm3fN4/gdvxCKlla7s9eaaTjkDjlzHpoZFN1YdV01A185kwCTN/ChOg+rbO4epO73c3w==",
      "hasInstallScript": true,
      "license": "Apache-2.0",
      "peer": true,
      "dependencies": {
        "@mozilla/readability": "^0.6.0",
        "cli-table3": "^0.6.5",
        "commander": "^14.0.3",
        "js-yaml": "^4.3.1",
        "turndown": "^7.2.2",
        "turndown-plugin-gfm": "^1.0.2",
        "undici": "^6.27.0",
        "ws": "^8.18.0"
      },
      "bin": {
        "opencli": "dist/src/main.js"
      },
      "engines": {
        "node": ">=20.0.0"
      }
    },
    "node_modules/@mixmark-io/domino": {
      "version": "2.2.0",
      "license": "BSD-2-Clause",
      "peer": true
    },
    "node_modules/@mozilla/readability": {
      "version": "0.6.0",
      "license": "Apache-2.0",
      "peer": true,
      "engines": {
        "node": ">=14.0.0"
      }
    },
    "node_modules/ansi-regex": {
      "version": "5.0.1",
      "license": "MIT",
      "peer": true,
      "engines": {
        "node": ">=8"
      }
    },
    "node_modules/argparse": {
      "version": "2.0.1",
      "license": "Python-2.0",
      "peer": true
    },
    "node_modules/cli-table3": {
      "version": "0.6.5",
      "license": "MIT",
      "peer": true,
      "dependencies": {
        "string-width": "^4.2.0"
      },
      "engines": {
        "node": "10.* || >= 12.*"
      },
      "optionalDependencies": {
        "@colors/colors": "1.5.0"
      }
    },
    "node_modules/commander": {
      "version": "14.0.3",
      "license": "MIT",
      "peer": true,
      "engines": {
        "node": ">=20"
      }
    },
    "node_modules/emoji-regex": {
      "version": "8.0.0",
      "license": "MIT",
      "peer": true
    },
    "node_modules/is-fullwidth-code-point": {
      "version": "3.0.0",
      "license": "MIT",
      "peer": true,
      "engines": {
        "node": ">=8"
      }
    },
    "node_modules/js-yaml": {
      "version": "4.3.2",
      "funding": [
        {
          "type": "github",
          "url": "https://github.com/sponsors/puzrin"
        },
        {
          "type": "github",
          "url": "https://github.com/sponsors/nodeca"
        }
      ],
      "license": "MIT",
      "peer": true,
      "dependencies": {
        "argparse": "^2.0.1"
      },
      "bin": {
        "js-yaml": "bin/js-yaml.js"
      }
    },
    "node_modules/string-width": {
      "version": "4.2.3",
      "license": "MIT",
      "peer": true,
      "dependencies": {
        "emoji-regex": "^8.0.0",
        "is-fullwidth-code-point": "^3.0.0",
        "strip-ansi": "^6.0.1"
      },
      "engines": {
        "node": ">=8"
      }
    },
    "node_modules/strip-ansi": {
      "version": "6.0.1",
      "license": "MIT",
      "peer": true,
      "dependencies": {
        "ansi-regex": "^5.0.1"
      },
      "engines": {
        "node": ">=8"
      }
    },
    "node_modules/turndown": {
      "version": "7.2.4",
      "license": "MIT",
      "peer": true,
      "dependencies": {
        "@mixmark-io/domino": "^2.2.0"
      },
      "engines": {
        "node": ">=18",
        "npm": ">=9"
      }
    },
    "node_modules/turndown-plugin-gfm": {
      "version": "1.0.2",
      "license": "MIT",
      "peer": true
    },
    "node_modules/undici": {
      "version": "6.28.0",
      "license": "MIT",
      "peer": true,
      "engines": {
        "node": ">=18.17"
      }
    },
    "node_modules/ws": {
      "version": "8.21.3",
      "license": "MIT",
      "peer": true,
      "engines": {
        "node": ">=10.0.0"
      },
      "peerDependencies": {
        "bufferutil": "^4.0.1",
        "utf-8-validate": ">=5.0.2"
      },
      "peerDependenciesMeta": {
        "bufferutil": {
          "optional": true
        },
        "utf-8-validate": {
          "optional": true
        }
      }
    }
  }
}
